
Microsoft Visual Studio Solution File, Format Version 12.00
Project("{FAE04EC0-301F-11D3-BF4B-00C04F79EFBC}") = "MiniMode", "MiniMode\MiniMode.csproj", "{BA7A2C7A-E700-476D-8C34-ECF8F604E374}"
EndProject
Global
	GlobalSection(SolutionConfigurationPlatforms) = preSolution
		Debug|Any CPU = Debug|Any CPU
		Release|Any CPU = Release|Any CPU
	EndGlobalSection
	GlobalSection(ProjectConfigurationPlatforms) = postSolution
		{BA7A2C7A-E700-476D-8C34-ECF8F604E374}.Debug|Any CPU.ActiveCfg = Debug|Any CPU
		{BA7A2C7A-E700-476D-8C34-ECF8F604E374}.Debug|Any CPU.Build.0 = Debug|Any CPU
		{BA7A2C7A-E700-476D-8C34-ECF8F604E374}.Release|Any CPU.ActiveCfg = Release|Any CPU
		{BA7A2C7A-E700-476D-8C34-ECF8F604E374}.Release|Any CPU.Build.0 = Release|Any CPU
	EndGlobalSection
EndGlobal
